
Microsoft Visual Studio Solution File, Format Version 12.00
# Visual Studio Version 17
VisualStudioVersion = 17.12.35707.178 d17.12
MinimumVisualStudioVersion = 10.0.40219.1
Project("{FAE04EC0-301F-11D3-BF4B-00C04F79EFBC}") = "Dr-Home", "Dr-Home\Dr-Home.csproj", "{DFCDC72E-F7CD-46CC-8DF2-A9C9A2BBD671}"
EndProject
Global
	GlobalSection(SolutionConfigurationPlatforms) = preSolution
		Debug|Any CPU = Debug|Any CPU
		Release|Any CPU = Release|Any CPU
	EndGlobalSection
	GlobalSection(ProjectConfigurationPlatforms) = postSolution
		{DFCDC72E-F7CD-46CC-8DF2-A9C9A2BBD671}.Debug|Any CPU.ActiveCfg = Debug|Any CPU
		{DFCDC72E-F7CD-46CC-8DF2-A9C9A2BBD671}.Debug|Any CPU.Build.0 = Debug|Any CPU
		{DFCDC72E-F7CD-46CC-8DF2-A9C9A2BBD671}.Release|Any CPU.ActiveCfg = Release|Any CPU
		{DFCDC72E-F7CD-46CC-8DF2-A9C9A2BBD671}.Release|Any CPU.Build.0 = Release|Any CPU
	EndGlobalSection
	GlobalSection(SolutionProperties) = preSolution
		HideSolutionNode = FALSE
	EndGlobalSection
EndGlobal
